// !$*UTF8*$!
{
	archiveVersion = 1;
	classes = {
	};
	objectVersion = 50;
	objects = {

/* Begin PBXBuildFile section */
		5B79FB9921A068DD00670313 /* launch_bgd_image.jpg in Resources */ = {isa = PBXBuildFile; fileRef = 5B79FB9821A068DD00670313 /* launch_bgd_image.jpg */; };
		5BA66BE221C183D800E5C54B /* CATransform3D+.swift in Sources */ = {isa = PBXBuildFile; fileRef = 5BA66BE121C183D800E5C54B /* CATransform3D+.swift */; };
		5BA66BE421C1873A00E5C54B /* String+.swift in Sources */ = {isa = PBXBuildFile; fileRef = 5BA66BE321C1873A00E5C54B /* String+.swift */; };
		5BA66BE621C187AA00E5C54B /* PhotoController.swift in Sources */ = {isa = PBXBuildFile; fileRef = 5BA66BE521C187AA00E5C54B /* PhotoController.swift */; };
		5BA66BE821C187B700E5C54B /* PhotoAlbumController.swift in Sources */ = {isa = PBXBuildFile; fileRef = 5BA66BE721C187B700E5C54B /* PhotoAlbumController.swift */; };
		5BA66BEA21C18EBA00E5C54B /* User.swift in Sources */ = {isa = PBXBuildFile; fileRef = 5BA66BE921C18EBA00E5C54B /* User.swift */; };
		5BA66BEC21C18ED800E5C54B /* UserController.swift in Sources */ = {isa = PBXBuildFile; fileRef = 5BA66BEB21C18ED800E5C54B /* UserController.swift */; };
		5BA79F7E21CD6DC8004C15EA /* ModeliPodataka.docx in Resources */ = {isa = PBXBuildFile; fileRef = 5BA79F7D21CD6DC8004C15EA /* ModeliPodataka.docx */; };
		5BB71D8B21C041B60065642D /* Photo.swift in Sources */ = {isa = PBXBuildFile; fileRef = 5BB71D8A21C041B60065642D /* Photo.swift */; };
		5BB71D9321C0438B0065642D /* YUCIFilterConstructor.m in Sources */ = {isa = PBXBuildFile; fileRef = 5BB71D8E21C0438B0065642D /* YUCIFilterConstructor.m */; };
		5BB71D9421C0438B0065642D /* YUCIRGBToHSL.cikernel in Resources */ = {isa = PBXBuildFile; fileRef = 5BB71D8F21C0438B0065642D /* YUCIRGBToHSL.cikernel */; };
		5BB71D9521C0438B0065642D /* YUCIRGBToneCurve.cikernel in Resources */ = {isa = PBXBuildFile; fileRef = 5BB71D9021C0438B0065642D /* YUCIRGBToneCurve.cikernel */; };
		5BB71D9621C0438B0065642D /* YUCIRGBToneCurve.m in Sources */ = {isa = PBXBuildFile; fileRef = 5BB71D9221C0438B0065642D /* YUCIRGBToneCurve.m */; };
		5BB71D9921C044130065642D /* FilterStore.swift in Sources */ = {isa = PBXBuildFile; fileRef = 5BB71D9821C044130065642D /* FilterStore.swift */; };
		5BB71D9B21C050510065642D /* PhotoAlbum.swift in Sources */ = {isa = PBXBuildFile; fileRef = 5BB71D9A21C050510065642D /* PhotoAlbum.swift */; };
		5BBFDBB021C502D6006578FB /* RemoteNotification.swift in Sources */ = {isa = PBXBuildFile; fileRef = 5BBFDBAF21C502D6006578FB /* RemoteNotification.swift */; };
		5BBFDBB221C5032F006578FB /* RemoteNotificationController.swift in Sources */ = {isa = PBXBuildFile; fileRef = 5BBFDBB121C5032F006578FB /* RemoteNotificationController.swift */; };
		5BBFDBB421C525C0006578FB /* FirebaseController.swift in Sources */ = {isa = PBXBuildFile; fileRef = 5BBFDBB321C525C0006578FB /* FirebaseController.swift */; };
		5BC6D8E6219DE0F700C80446 /* AppDelegate.swift in Sources */ = {isa = PBXBuildFile; fileRef = 5BC6D8E5219DE0F700C80446 /* AppDelegate.swift */; };
		5BC6D8E8219DE0F700C80446 /* ViewController.swift in Sources */ = {isa = PBXBuildFile; fileRef = 5BC6D8E7219DE0F700C80446 /* ViewController.swift */; };
		5BC6D8EB219DE0F700C80446 /* Main.storyboard in Resources */ = {isa = PBXBuildFile; fileRef = 5BC6D8E9219DE0F700C80446 /* Main.storyboard */; };
		5BC6D8ED219DE0F900C80446 /* Assets.xcassets in Resources */ = {isa = PBXBuildFile; fileRef = 5BC6D8EC219DE0F900C80446 /* Assets.xcassets */; };
		5BC6D8F0219DE0F900C80446 /* LaunchScreen.storyboard in Resources */ = {isa = PBXBuildFile; fileRef = 5BC6D8EE219DE0F900C80446 /* LaunchScreen.storyboard */; };
		5BEE0915219DE5EF0043E54E /* GoogleService-Info.plist in Resources */ = {isa = PBXBuildFile; fileRef = 5BEE0914219DE5EF0043E54E /* GoogleService-Info.plist */; };
		5BEE0918219DE9750043E54E /* README.md in Resources */ = {isa = PBXBuildFile; fileRef = 5BEE0917219DE9750043E54E /* README.md */; };
		5BF2689921BAEC5900D1E66C /* ArchitectureDesign.docx in Resources */ = {isa = PBXBuildFile; fileRef = 5BF2689821BAEC5900D1E66C /* ArchitectureDesign.docx */; };
		D0CBDB44CF86F69FE5386D23 /* Pods_Memories.framework in Frameworks */ = {isa = PBXBuildFile; fileRef = 15DCF83CB69CAA1C8F6B44B3 /* Pods_Memories.framework */; };
/* End PBXBuildFile section */

/* Begin PBXFileReference section */
		15DCF83CB69CAA1C8F6B44B3 /* Pods_Memories.framework */ = {isa = PBXFileReference; explicitFileType = wrapper.framework; includeInIndex = 0; path = Pods_Memories.framework; sourceTree = BUILT_PRODUCTS_DIR; };
		5B79FB9821A068DD00670313 /* launch_bgd_image.jpg */ = {isa = PBXFileReference; lastKnownFileType = image.jpeg; path = launch_bgd_image.jpg; sourceTree = "<group>"; };
		5BA66BE121C183D800E5C54B /* CATransform3D+.swift */ = {isa = PBXFileReference; lastKnownFileType = sourcecode.swift; path = "CATransform3D+.swift"; sourceTree = "<group>"; };
		5BA66BE321C1873A00E5C54B /* String+.swift */ = {isa = PBXFileReference; lastKnownFileType = sourcecode.swift; path = "String+.swift"; sourceTree = "<group>"; };
		5BA66BE521C187AA00E5C54B /* PhotoController.swift */ = {isa = PBXFileReference; lastKnownFileType = sourcecode.swift; path = PhotoController.swift; sourceTree = "<group>"; };
		5BA66BE721C187B700E5C54B /* PhotoAlbumController.swift */ = {isa = PBXFileReference; lastKnownFileType = sourcecode.swift; path = PhotoAlbumController.swift; sourceTree = "<group>"; };
		5BA66BE921C18EBA00E5C54B /* User.swift */ = {isa = PBXFileReference; lastKnownFileType = sourcecode.swift; path = User.swift; sourceTree = "<group>"; };
		5BA66BEB21C18ED800E5C54B /* UserController.swift */ = {isa = PBXFileReference; lastKnownFileType = sourcecode.swift; path = UserController.swift; sourceTree = "<group>"; };
		5BA79F7D21CD6DC8004C15EA /* ModeliPodataka.docx */ = {isa = PBXFileReference; lastKnownFileType = file; path = ModeliPodataka.docx; sourceTree = "<group>"; };
		5BB71D8A21C041B60065642D /* Photo.swift */ = {isa = PBXFileReference; lastKnownFileType = sourcecode.swift; path = Photo.swift; sourceTree = "<group>"; };
		5BB71D8D21C0438B0065642D /* YUCIRGBToneCurve.h */ = {isa = PBXFileReference; fileEncoding = 4; lastKnownFileType = sourcecode.c.h; path = YUCIRGBToneCurve.h; sourceTree = "<group>"; };
		5BB71D8E21C0438B0065642D /* YUCIFilterConstructor.m */ = {isa = PBXFileReference; fileEncoding = 4; lastKnownFileType = sourcecode.c.objc; path = YUCIFilterConstructor.m; sourceTree = "<group>"; };
		5BB71D8F21C0438B0065642D /* YUCIRGBToHSL.cikernel */ = {isa = PBXFileReference; fileEncoding = 4; lastKnownFileType = text; path = YUCIRGBToHSL.cikernel; sourceTree = "<group>"; };
		5BB71D9021C0438B0065642D /* YUCIRGBToneCurve.cikernel */ = {isa = PBXFileReference; fileEncoding = 4; lastKnownFileType = text; path = YUCIRGBToneCurve.cikernel; sourceTree = "<group>"; };
		5BB71D9121C0438B0065642D /* YUCIFilterConstructor.h */ = {isa = PBXFileReference; fileEncoding = 4; lastKnownFileType = sourcecode.c.h; path = YUCIFilterConstructor.h; sourceTree = "<group>"; };
		5BB71D9221C0438B0065642D /* YUCIRGBToneCurve.m */ = {isa = PBXFileReference; fileEncoding = 4; lastKnownFileType = sourcecode.c.objc; path = YUCIRGBToneCurve.m; sourceTree = "<group>"; };
		5BB71D9821C044130065642D /* FilterStore.swift */ = {isa = PBXFileReference; lastKnownFileType = sourcecode.swift; path = FilterStore.swift; sourceTree = "<group>"; };
		5BB71D9A21C050510065642D /* PhotoAlbum.swift */ = {isa = PBXFileReference; lastKnownFileType = sourcecode.swift; path = PhotoAlbum.swift; sourceTree = "<group>"; };
		5BBFDBAF21C502D6006578FB /* RemoteNotification.swift */ = {isa = PBXFileReference; lastKnownFileType = sourcecode.swift; path = RemoteNotification.swift; sourceTree = "<group>"; };
		5BBFDBB121C5032F006578FB /* RemoteNotificationController.swift */ = {isa = PBXFileReference; lastKnownFileType = sourcecode.swift; path = RemoteNotificationController.swift; sourceTree = "<group>"; };
		5BBFDBB321C525C0006578FB /* FirebaseController.swift */ = {isa = PBXFileReference; lastKnownFileType = sourcecode.swift; path = FirebaseController.swift; sourceTree = "<group>"; };
		5BC6D8E2219DE0F700C80446 /* Memories.app */ = {isa = PBXFileReference; explicitFileType = wrapper.application; includeInIndex = 0; path = Memories.app; sourceTree = BUILT_PRODUCTS_DIR; };
		5BC6D8E5219DE0F700C80446 /* AppDelegate.swift */ = {isa = PBXFileReference; lastKnownFileType = sourcecode.swift; path = AppDelegate.swift; sourceTree = "<group>"; };
		5BC6D8E7219DE0F700C80446 /* ViewController.swift */ = {isa = PBXFileReference; lastKnownFileType = sourcecode.swift; path = ViewController.swift; sourceTree = "<group>"; };
		5BC6D8EA219DE0F700C80446 /* Base */ = {isa = PBXFileReference; lastKnownFileType = file.storyboard; name = Base; path = Base.lproj/Main.storyboard; sourceTree = "<group>"; };
		5BC6D8EC219DE0F900C80446 /* Assets.xcassets */ = {isa = PBXFileReference; lastKnownFileType = folder.assetcatalog; path = Assets.xcassets; sourceTree = "<group>"; };
		5BC6D8EF219DE0F900C80446 /* Base */ = {isa = PBXFileReference; lastKnownFileType = file.storyboard; name = Base; path = Base.lproj/LaunchScreen.storyboard; sourceTree = "<group>"; };
		5BC6D8F1219DE0F900C80446 /* Info.plist */ = {isa = PBXFileReference; lastKnownFileType = text.plist.xml; path = Info.plist; sourceTree = "<group>"; };
		5BEE0914219DE5EF0043E54E /* GoogleService-Info.plist */ = {isa = PBXFileReference; fileEncoding = 4; lastKnownFileType = text.plist.xml; path = "GoogleService-Info.plist"; sourceTree = "<group>"; };
		5BEE0917219DE9750043E54E /* README.md */ = {isa = PBXFileReference; fileEncoding = 4; lastKnownFileType = net.daringfireball.markdown; path = README.md; sourceTree = "<group>"; };
		5BF2689821BAEC5900D1E66C /* ArchitectureDesign.docx */ = {isa = PBXFileReference; lastKnownFileType = file; path = ArchitectureDesign.docx; sourceTree = "<group>"; };
		5D00EBB5709A1528950FA9E7 /* Pods-Memories.debug.xcconfig */ = {isa = PBXFileReference; includeInIndex = 1; lastKnownFileType = text.xcconfig; name = "Pods-Memories.debug.xcconfig"; path = "Pods/Target Support Files/Pods-Memories/Pods-Memories.debug.xcconfig"; sourceTree = "<group>"; };
		AAC8AA4997EFFB50631972DE /* Pods-Memories.release.xcconfig */ = {isa = PBXFileReference; includeInIndex = 1; lastKnownFileType = text.xcconfig; name = "Pods-Memories.release.xcconfig"; path = "Pods/Target Support Files/Pods-Memories/Pods-Memories.release.xcconfig"; sourceTree = "<group>"; };
/* End PBXFileReference section */

/* Begin PBXFrameworksBuildPhase section */
		5BC6D8DF219DE0F700C80446 /* Frameworks */ = {
			isa = PBXFrameworksBuildPhase;
			buildActionMask = 2147483647;
			files = (
				D0CBDB44CF86F69FE5386D23 /* Pods_Memories.framework in Frameworks */,
			);
			runOnlyForDeploymentPostprocessing = 0;
		};
/* End PBXFrameworksBuildPhase section */

/* Begin PBXGroup section */
		00C7F529351487D27097200B /* Pods */ = {
			isa = PBXGroup;
			children = (
				5D00EBB5709A1528950FA9E7 /* Pods-Memories.debug.xcconfig */,
				AAC8AA4997EFFB50631972DE /* Pods-Memories.release.xcconfig */,
			);
			name = Pods;
			sourceTree = "<group>";
		};
		5B79FB9621A0689900670313 /* Resources */ = {
			isa = PBXGroup;
			children = (
				5B79FB9721A068AD00670313 /* Images */,
			);
			path = Resources;
			sourceTree = "<group>";
		};
		5B79FB9721A068AD00670313 /* Images */ = {
			isa = PBXGroup;
			children = (
				5B79FB9821A068DD00670313 /* launch_bgd_image.jpg */,
			);
			path = Images;
			sourceTree = "<group>";
		};
		5BA66BE021C183AF00E5C54B /* ExtensionsDecorators */ = {
			isa = PBXGroup;
			children = (
				5BA66BE121C183D800E5C54B /* CATransform3D+.swift */,
				5BA66BE321C1873A00E5C54B /* String+.swift */,
			);
			path = ExtensionsDecorators;
			sourceTree = "<group>";
		};
		5BB71D8821C03E5C0065642D /* Models */ = {
			isa = PBXGroup;
			children = (
				5BA66BE921C18EBA00E5C54B /* User.swift */,
				5BB71D8A21C041B60065642D /* Photo.swift */,
				5BB71D9A21C050510065642D /* PhotoAlbum.swift */,
				5BBFDBAF21C502D6006578FB /* RemoteNotification.swift */,
			);
			path = Models;
			sourceTree = "<group>";
		};
		5BB71D8921C03E650065642D /* Controllers */ = {
			isa = PBXGroup;
			children = (
				5BA66BEB21C18ED800E5C54B /* UserController.swift */,
				5BA66BE521C187AA00E5C54B /* PhotoController.swift */,
				5BA66BE721C187B700E5C54B /* PhotoAlbumController.swift */,
				5BBFDBB121C5032F006578FB /* RemoteNotificationController.swift */,
				5BBFDBB321C525C0006578FB /* FirebaseController.swift */,
			);
			path = Controllers;
			sourceTree = "<group>";
		};
		5BB71D8C21C0438B0065642D /* Filters */ = {
			isa = PBXGroup;
			children = (
				5BB71D8D21C0438B0065642D /* YUCIRGBToneCurve.h */,
				5BB71D8E21C0438B0065642D /* YUCIFilterConstructor.m */,
				5BB71D8F21C0438B0065642D /* YUCIRGBToHSL.cikernel */,
				5BB71D9021C0438B0065642D /* YUCIRGBToneCurve.cikernel */,
				5BB71D9121C0438B0065642D /* YUCIFilterConstructor.h */,
				5BB71D9221C0438B0065642D /* YUCIRGBToneCurve.m */,
			);
			path = Filters;
			sourceTree = "<group>";
		};
		5BB71D9721C043B70065642D /* Helper */ = {
			isa = PBXGroup;
			children = (
				5BA66BE021C183AF00E5C54B /* ExtensionsDecorators */,
				5BB71D9821C044130065642D /* FilterStore.swift */,
				5BB71D8C21C0438B0065642D /* Filters */,
			);
			path = Helper;
			sourceTree = "<group>";
		};
		5BC6D8D9219DE0F700C80446 = {
			isa = PBXGroup;
			children = (
				5BEE0916219DE8E50043E54E /* ProjectDocumentation */,
				5BC6D8E4219DE0F700C80446 /* Memories */,
				5BC6D8E3219DE0F700C80446 /* Products */,
				00C7F529351487D27097200B /* Pods */,
				A9B4D945BDEAAB061A60CEFF /* Frameworks */,
			);
			sourceTree = "<group>";
		};
		5BC6D8E3219DE0F700C80446 /* Products */ = {
			isa = PBXGroup;
			children = (
				5BC6D8E2219DE0F700C80446 /* Memories.app */,
			);
			name = Products;
			sourceTree = "<group>";
		};
		5BC6D8E4219DE0F700C80446 /* Memories */ = {
			isa = PBXGroup;
			children = (
				5BB71D8821C03E5C0065642D /* Models */,
				5BB71D8921C03E650065642D /* Controllers */,
				5BB71D9721C043B70065642D /* Helper */,
				5B79FB9621A0689900670313 /* Resources */,
				5BC6D8E5219DE0F700C80446 /* AppDelegate.swift */,
				5BC6D8E7219DE0F700C80446 /* ViewController.swift */,
				5BC6D8E9219DE0F700C80446 /* Main.storyboard */,
				5BC6D8EC219DE0F900C80446 /* Assets.xcassets */,
				5BC6D8EE219DE0F900C80446 /* LaunchScreen.storyboard */,
				5BC6D8F1219DE0F900C80446 /* Info.plist */,
				5BEE0914219DE5EF0043E54E /* GoogleService-Info.plist */,
			);
			path = Memories;
			sourceTree = "<group>";
		};
		5BEE0916219DE8E50043E54E /* ProjectDocumentation */ = {
			isa = PBXGroup;
			children = (
				5BA79F7D21CD6DC8004C15EA /* ModeliPodataka.docx */,
				5BF2689821BAEC5900D1E66C /* ArchitectureDesign.docx */,
				5BEE0917219DE9750043E54E /* README.md */,
			);
			path = ProjectDocumentation;
			sourceTree = "<group>";
		};
		A9B4D945BDEAAB061A60CEFF /* Frameworks */ = {
			isa = PBXGroup;
			children = (
				15DCF83CB69CAA1C8F6B44B3 /* Pods_Memories.framework */,
			);
			name = Frameworks;
			sourceTree = "<group>";
		};
/* End PBXGroup section */

/* Begin PBXNativeTarget section */
		5BC6D8E1219DE0F700C80446 /* Memories */ = {
			isa = PBXNativeTarget;
			buildConfigurationList = 5BC6D8F4219DE0F900C80446 /* Build configuration list for PBXNativeTarget "Memories" */;
			buildPhases = (
				9D17A395AFE6C8793BD564AE /* [CP] Check Pods Manifest.lock */,
				5BC6D8DE219DE0F700C80446 /* Sources */,
				5BC6D8DF219DE0F700C80446 /* Frameworks */,
				5BC6D8E0219DE0F700C80446 /* Resources */,
				EE6431B8D301342B47E51956 /* [CP] Embed Pods Frameworks */,
			);
			buildRules = (
			);
			dependencies = (
			);
			name = Memories;
			productName = Memories;
			productReference = 5BC6D8E2219DE0F700C80446 /* Memories.app */;
			productType = "com.apple.product-type.application";
		};
/* End PBXNativeTarget section */

/* Begin PBXProject section */
		5BC6D8DA219DE0F700C80446 /* Project object */ = {
			isa = PBXProject;
			attributes = {
				LastSwiftUpdateCheck = 0940;
				LastUpgradeCheck = 0940;
				ORGANIZATIONNAME = "Ilija Antonijevic";
				TargetAttributes = {
					5BC6D8E1219DE0F700C80446 = {
						CreatedOnToolsVersion = 9.4.1;
					};
				};
			};
			buildConfigurationList = 5BC6D8DD219DE0F700C80446 /* Build configuration list for PBXProject "Memories" */;
			compatibilityVersion = "Xcode 9.3";
			developmentRegion = en;
			hasScannedForEncodings = 0;
			knownRegions = (
				en,
				Base,
			);
			mainGroup = 5BC6D8D9219DE0F700C80446;
			productRefGroup = 5BC6D8E3219DE0F700C80446 /* Products */;
			projectDirPath = "";
			projectRoot = "";
			targets = (
				5BC6D8E1219DE0F700C80446 /* Memories */,
			);
		};
/* End PBXProject section */

/* Begin PBXResourcesBuildPhase section */
		5BC6D8E0219DE0F700C80446 /* Resources */ = {
			isa = PBXResourcesBuildPhase;
			buildActionMask = 2147483647;
			files = (
				5BC6D8F0219DE0F900C80446 /* LaunchScreen.storyboard in Resources */,
				5BEE0915219DE5EF0043E54E /* GoogleService-Info.plist in Resources */,
				5BF2689921BAEC5900D1E66C /* ArchitectureDesign.docx in Resources */,
				5B79FB9921A068DD00670313 /* launch_bgd_image.jpg in Resources */,
				5BEE0918219DE9750043E54E /* README.md in Resources */,
				5BB71D9521C0438B0065642D /* YUCIRGBToneCurve.cikernel in Resources */,
				5BC6D8ED219DE0F900C80446 /* Assets.xcassets in Resources */,
				5BC6D8EB219DE0F700C80446 /* Main.storyboard in Resources */,
				5BA79F7E21CD6DC8004C15EA /* ModeliPodataka.docx in Resources */,
				5BB71D9421C0438B0065642D /* YUCIRGBToHSL.cikernel in Resources */,
			);
			runOnlyForDeploymentPostprocessing = 0;
		};
/* End PBXResourcesBuildPhase section */

/* Begin PBXShellScriptBuildPhase section */
		9D17A395AFE6C8793BD564AE /* [CP] Check Pods Manifest.lock */ = {
			isa = PBXShellScriptBuildPhase;
			buildActionMask = 2147483647;
			files = (
			);
			inputPaths = (
				"${PODS_PODFILE_DIR_PATH}/Podfile.lock",
				"${PODS_ROOT}/Manifest.lock",
			);
			name = "[CP] Check Pods Manifest.lock";
			outputPaths = (
				"$(DERIVED_FILE_DIR)/Pods-Memories-checkManifestLockResult.txt",
			);
			runOnlyForDeploymentPostprocessing = 0;
			shellPath = /bin/sh;
			shellScript = "diff \"${PODS_PODFILE_DIR_PATH}/Podfile.lock\" \"${PODS_ROOT}/Manifest.lock\" > /dev/null\nif [ $? != 0 ] ; then\n    # print error to STDERR\n    echo \"error: The sandbox is not in sync with the Podfile.lock. Run 'pod install' or update your CocoaPods installation.\" >&2\n    exit 1\nfi\n# This output is used by Xcode 'outputs' to avoid re-running this script phase.\necho \"SUCCESS\" > \"${SCRIPT_OUTPUT_FILE_0}\"\n";
			showEnvVarsInLog = 0;
		};
		EE6431B8D301342B47E51956 /* [CP] Embed Pods Frameworks */ = {
			isa = PBXShellScriptBuildPhase;
			buildActionMask = 2147483647;
			files = (
			);
			inputPaths = (
				"${SRCROOT}/Pods/Target Support Files/Pods-Memories/Pods-Memories-frameworks.sh",
				"${BUILT_PRODUCTS_DIR}/GTMSessionFetcher/GTMSessionFetcher.framework",
				"${BUILT_PRODUCTS_DIR}/GoogleToolboxForMac/GoogleToolboxForMac.framework",
				"${BUILT_PRODUCTS_DIR}/Protobuf/Protobuf.framework",
				"${BUILT_PRODUCTS_DIR}/leveldb-library/leveldb.framework",
				"${BUILT_PRODUCTS_DIR}/nanopb/nanopb.framework",
			);
			name = "[CP] Embed Pods Frameworks";
			outputPaths = (
				"${TARGET_BUILD_DIR}/${FRAMEWORKS_FOLDER_PATH}/GTMSessionFetcher.framework",
				"${TARGET_BUILD_DIR}/${FRAMEWORKS_FOLDER_PATH}/GoogleToolboxForMac.framework",
				"${TARGET_BUILD_DIR}/${FRAMEWORKS_FOLDER_PATH}/Protobuf.framework",
				"${TARGET_BUILD_DIR}/${FRAMEWORKS_FOLDER_PATH}/leveldb.framework",
				"${TARGET_BUILD_DIR}/${FRAMEWORKS_FOLDER_PATH}/nanopb.framework",
			);
			runOnlyForDeploymentPostprocessing = 0;
			shellPath = /bin/sh;
			shellScript = "\"${SRCROOT}/Pods/Target Support Files/Pods-Memories/Pods-Memories-frameworks.sh\"\n";
			showEnvVarsInLog = 0;
		};
/* End PBXShellScriptBuildPhase section */

/* Begin PBXSourcesBuildPhase section */
		5BC6D8DE219DE0F700C80446 /* Sources */ = {
			isa = PBXSourcesBuildPhase;
			buildActionMask = 2147483647;
			files = (
				5BBFDBB021C502D6006578FB /* RemoteNotification.swift in Sources */,
				5BA66BE621C187AA00E5C54B /* PhotoController.swift in Sources */,
				5BB71D9321C0438B0065642D /* YUCIFilterConstructor.m in Sources */,
				5BA66BE421C1873A00E5C54B /* String+.swift in Sources */,
				5BBFDBB221C5032F006578FB /* RemoteNotificationController.swift in Sources */,
				5BA66BE221C183D800E5C54B /* CATransform3D+.swift in Sources */,
				5BB71D9621C0438B0065642D /* YUCIRGBToneCurve.m in Sources */,
				5BA66BEC21C18ED800E5C54B /* UserController.swift in Sources */,
				5BBFDBB421C525C0006578FB /* FirebaseController.swift in Sources */,
				5BB71D8B21C041B60065642D /* Photo.swift in Sources */,
				5BB71D9B21C050510065642D /* PhotoAlbum.swift in Sources */,
				5BB71D9921C044130065642D /* FilterStore.swift in Sources */,
				5BA66BEA21C18EBA00E5C54B /* User.swift in Sources */,
				5BC6D8E8219DE0F700C80446 /* ViewController.swift in Sources */,
				5BC6D8E6219DE0F700C80446 /* AppDelegate.swift in Sources */,
				5BA66BE821C187B700E5C54B /* PhotoAlbumController.swift in Sources */,
			);
			runOnlyForDeploymentPostprocessing = 0;
		};
/* End PBXSourcesBuildPhase section */

/* Begin PBXVariantGroup section */
		5BC6D8E9219DE0F700C80446 /* Main.storyboard */ = {
			isa = PBXVariantGroup;
			children = (
				5BC6D8EA219DE0F700C80446 /* Base */,
			);
			name = Main.storyboard;
			sourceTree = "<group>";
		};
		5BC6D8EE219DE0F900C80446 /* LaunchScreen.storyboard */ = {
			isa = PBXVariantGroup;
			children = (
				5BC6D8EF219DE0F900C80446 /* Base */,
			);
			name = LaunchScreen.storyboard;
			sourceTree = "<group>";
		};
/* End PBXVariantGroup section */

/* Begin XCBuildConfiguration section */
		5BC6D8F2219DE0F900C80446 /* Debug */ = {
			isa = XCBuildConfiguration;
			buildSettings = {
				ALWAYS_SEARCH_USER_PATHS = NO;
				CLANG_ANALYZER_NONNULL = YES;
				CLANG_ANALYZER_NUMBER_OBJECT_CONVERSION = YES_AGGRESSIVE;
				CLANG_CXX_LANGUAGE_STANDARD = "gnu++14";
				CLANG_CXX_LIBRARY = "libc++";
				CLANG_ENABLE_MODULES = YES;
				CLANG_ENABLE_OBJC_ARC = YES;
				CLANG_ENABLE_OBJC_WEAK = YES;
				CLANG_WARN_BLOCK_CAPTURE_AUTORELEASING = YES;
				CLANG_WARN_BOOL_CONVERSION = YES;
				CLANG_WARN_COMMA = YES;
				CLANG_WARN_CONSTANT_CONVERSION = YES;
				CLANG_WARN_DEPRECATED_OBJC_IMPLEMENTATIONS = YES;
				CLANG_WARN_DIRECT_OBJC_ISA_USAGE = YES_ERROR;
				CLANG_WARN_DOCUMENTATION_COMMENTS = YES;
				CLANG_WARN_EMPTY_BODY = YES;
				CLANG_WARN_ENUM_CONVERSION = YES;
				CLANG_WARN_INFINITE_RECURSION = YES;
				CLANG_WARN_INT_CONVERSION = YES;
				CLANG_WARN_NON_LITERAL_NULL_CONVERSION = YES;
				CLANG_WARN_OBJC_IMPLICIT_RETAIN_SELF = YES;
				CLANG_WARN_OBJC_LITERAL_CONVERSION = YES;
				CLANG_WARN_OBJC_ROOT_CLASS = YES_ERROR;
				CLANG_WARN_RANGE_LOOP_ANALYSIS = YES;
				CLANG_WARN_STRICT_PROTOTYPES = YES;
				CLANG_WARN_SUSPICIOUS_MOVE = YES;
				CLANG_WARN_UNGUARDED_AVAILABILITY = YES_AGGRESSIVE;
				CLANG_WARN_UNREACHABLE_CODE = YES;
				CLANG_WARN__DUPLICATE_METHOD_MATCH = YES;
				CODE_SIGN_IDENTITY = "iPhone Developer";
				COPY_PHASE_STRIP = NO;
				DEBUG_INFORMATION_FORMAT = dwarf;
				ENABLE_STRICT_OBJC_MSGSEND = YES;
				ENABLE_TESTABILITY = YES;
				GCC_C_LANGUAGE_STANDARD = gnu11;
				GCC_DYNAMIC_NO_PIC = NO;
				GCC_NO_COMMON_BLOCKS = YES;
				GCC_OPTIMIZATION_LEVEL = 0;
				GCC_PREPROCESSOR_DEFINITIONS = (
					"DEBUG=1",
					"$(inherited)",
				);
				GCC_WARN_64_TO_32_BIT_CONVERSION = YES;
				GCC_WARN_ABOUT_RETURN_TYPE = YES_ERROR;
				GCC_WARN_UNDECLARED_SELECTOR = YES;
				GCC_WARN_UNINITIALIZED_AUTOS = YES_AGGRESSIVE;
				GCC_WARN_UNUSED_FUNCTION = YES;
				GCC_WARN_UNUSED_VARIABLE = YES;
				IPHONEOS_DEPLOYMENT_TARGET = 11.4;
				MTL_ENABLE_DEBUG_INFO = YES;
				ONLY_ACTIVE_ARCH = YES;
				SDKROOT = iphoneos;
				SWIFT_ACTIVE_COMPILATION_CONDITIONS = DEBUG;
				SWIFT_OPTIMIZATION_LEVEL = "-Onone";
			};
			name = Debug;
		};
		5BC6D8F3219DE0F900C80446 /* Release */ = {
			isa = XCBuildConfiguration;
			buildSettings = {
				ALWAYS_SEARCH_USER_PATHS = NO;
				CLANG_ANALYZER_NONNULL = YES;
				CLANG_ANALYZER_NUMBER_OBJECT_CONVERSION = YES_AGGRESSIVE;
				CLANG_CXX_LANGUAGE_STANDARD = "gnu++14";
				CLANG_CXX_LIBRARY = "libc++";
				CLANG_ENABLE_MODULES = YES;
				CLANG_ENABLE_OBJC_ARC = YES;
				CLANG_ENABLE_OBJC_WEAK = YES;
				CLANG_WARN_BLOCK_CAPTURE_AUTORELEASING = YES;
				CLANG_WARN_BOOL_CONVERSION = YES;
				CLANG_WARN_COMMA = YES;
				CLANG_WARN_CONSTANT_CONVERSION = YES;
				CLANG_WARN_DEPRECATED_OBJC_IMPLEMENTATIONS = YES;
				CLANG_WARN_DIRECT_OBJC_ISA_USAGE = YES_ERROR;
				CLANG_WARN_DOCUMENTATION_COMMENTS = YES;
				CLANG_WARN_EMPTY_BODY = YES;
				CLANG_WARN_ENUM_CONVERSION = YES;
				CLANG_WARN_INFINITE_RECURSION = YES;
				CLANG_WARN_INT_CONVERSION = YES;
				CLANG_WARN_NON_LITERAL_NULL_CONVERSION = YES;
				CLANG_WARN_OBJC_IMPLICIT_RETAIN_SELF = YES;
				CLANG_WARN_OBJC_LITERAL_CONVERSION = YES;
				CLANG_WARN_OBJC_ROOT_CLASS = YES_ERROR;
				CLANG_WARN_RANGE_LOOP_ANALYSIS = YES;
				CLANG_WARN_STRICT_PROTOTYPES = YES;
				CLANG_WARN_SUSPICIOUS_MOVE = YES;
				CLANG_WARN_UNGUARDED_AVAILABILITY = YES_AGGRESSIVE;
				CLANG_WARN_UNREACHABLE_CODE = YES;
				CLANG_WARN__DUPLICATE_METHOD_MATCH = YES;
				CODE_SIGN_IDENTITY = "iPhone Developer";
				COPY_PHASE_STRIP = NO;
				DEBUG_INFORMATION_FORMAT = "dwarf-with-dsym";
				ENABLE_NS_ASSERTIONS = NO;
				ENABLE_STRICT_OBJC_MSGSEND = YES;
				GCC_C_LANGUAGE_STANDARD = gnu11;
				GCC_NO_COMMON_BLOCKS = YES;
				GCC_WARN_64_TO_32_BIT_CONVERSION = YES;
				GCC_WARN_ABOUT_RETURN_TYPE = YES_ERROR;
				GCC_WARN_UNDECLARED_SELECTOR = YES;
				GCC_WARN_UNINITIALIZED_AUTOS = YES_AGGRESSIVE;
				GCC_WARN_UNUSED_FUNCTION = YES;
				GCC_WARN_UNUSED_VARIABLE = YES;
				IPHONEOS_DEPLOYMENT_TARGET = 11.4;
				MTL_ENABLE_DEBUG_INFO = NO;
				SDKROOT = iphoneos;
				SWIFT_COMPILATION_MODE = wholemodule;
				SWIFT_OPTIMIZATION_LEVEL = "-O";
				VALIDATE_PRODUCT = YES;
			};
			name = Release;
		};
		5BC6D8F5219DE0F900C80446 /* Debug */ = {
			isa = XCBuildConfiguration;
			baseConfigurationReference = 5D00EBB5709A1528950FA9E7 /* Pods-Memories.debug.xcconfig */;
			buildSettings = {
				ASSETCATALOG_COMPILER_APPICON_NAME = AppIcon;
				CODE_SIGN_STYLE = Automatic;
				DEVELOPMENT_TEAM = 5EFM4H5FA3;
				INFOPLIST_FILE = Memories/Info.plist;
				LD_RUNPATH_SEARCH_PATHS = (
					"$(inherited)",
					"@executable_path/Frameworks",
				);
				PRODUCT_BUNDLE_IDENTIFIER = AntraxTeam.Memories;
				PRODUCT_NAME = "$(TARGET_NAME)";
				SWIFT_VERSION = 4.0;
				TARGETED_DEVICE_FAMILY = "1,2";
			};
			name = Debug;
		};
		5BC6D8F6219DE0F900C80446 /* Release */ = {
			isa = XCBuildConfiguration;
			baseConfigurationReference = AAC8AA4997EFFB50631972DE /* Pods-Memories.release.xcconfig */;
			buildSettings = {
				ASSETCATALOG_COMPILER_APPICON_NAME = AppIcon;
				CODE_SIGN_STYLE = Automatic;
				DEVELOPMENT_TEAM = 5EFM4H5FA3;
				INFOPLIST_FILE = Memories/Info.plist;
				LD_RUNPATH_SEARCH_PATHS = (
					"$(inherited)",
					"@executable_path/Frameworks",
				);
				PRODUCT_BUNDLE_IDENTIFIER = AntraxTeam.Memories;
				PRODUCT_NAME = "$(TARGET_NAME)";
				SWIFT_VERSION = 4.0;
				TARGETED_DEVICE_FAMILY = "1,2";
			};
			name = Release;
		};
/* End XCBuildConfiguration section */

/* Begin XCConfigurationList section */
		5BC6D8DD219DE0F700C80446 /* Build configuration list for PBXProject "Memories" */ = {
			isa = XCConfigurationList;
			buildConfigurations = (
				5BC6D8F2219DE0F900C80446 /* Debug */,
				5BC6D8F3219DE0F900C80446 /* Release */,
			);
			defaultConfigurationIsVisible = 0;
			defaultConfigurationName = Release;
		};
		5BC6D8F4219DE0F900C80446 /* Build configuration list for PBXNativeTarget "Memories" */ = {
			isa = XCConfigurationList;
			buildConfigurations = (
				5BC6D8F5219DE0F900C80446 /* Debug */,
				5BC6D8F6219DE0F900C80446 /* Release */,
			);
			defaultConfigurationIsVisible = 0;
			defaultConfigurationName = Release;
		};
/* End XCConfigurationList section */
	};
	rootObject = 5BC6D8DA219DE0F700C80446 /* Project object */;
}
